// !$*UTF8*$!
{
	archiveVersion = 1;
	classes = {
	};
	objectVersion = 51;
	objects = {

/* Begin PBXBuildFile section */
		2256F48123430E7300AD1F47 /* AppDelegate.swift in Sources */ = {isa = PBXBuildFile; fileRef = 2256F48023430E7300AD1F47 /* AppDelegate.swift */; };
		2256F48323430E7300AD1F47 /* SceneDelegate.swift in Sources */ = {isa = PBXBuildFile; fileRef = 2256F48223430E7300AD1F47 /* SceneDelegate.swift */; };
		2256F48523430E7300AD1F47 /* RegisterViewController.swift in Sources */ = {isa = PBXBuildFile; fileRef = 2256F48423430E7300AD1F47 /* RegisterViewController.swift */; };
		2256F48823430E7300AD1F47 /* Main.storyboard in Resources */ = {isa = PBXBuildFile; fileRef = 2256F48623430E7300AD1F47 /* Main.storyboard */; };
		2256F48B23430E7300AD1F47 /* Haunt.xcdatamodeld in Sources */ = {isa = PBXBuildFile; fileRef = 2256F48923430E7300AD1F47 /* Haunt.xcdatamodeld */; };
		2256F48D23430E7500AD1F47 /* Assets.xcassets in Resources */ = {isa = PBXBuildFile; fileRef = 2256F48C23430E7500AD1F47 /* Assets.xcassets */; };
		2256F49023430E7500AD1F47 /* LaunchScreen.storyboard in Resources */ = {isa = PBXBuildFile; fileRef = 2256F48E23430E7500AD1F47 /* LaunchScreen.storyboard */; };
		2256F49B23430E7500AD1F47 /* HauntTests.swift in Sources */ = {isa = PBXBuildFile; fileRef = 2256F49A23430E7500AD1F47 /* HauntTests.swift */; };
		2256F4A623430E7500AD1F47 /* HauntUITests.swift in Sources */ = {isa = PBXBuildFile; fileRef = 2256F4A523430E7500AD1F47 /* HauntUITests.swift */; };
		22A48E0B23449EA10046C3D3 /* GoogleService-Info.plist in Resources */ = {isa = PBXBuildFile; fileRef = 22A48E0A23449EA10046C3D3 /* GoogleService-Info.plist */; };
		22A48E0D2344AD3E0046C3D3 /* LoginViewController.swift in Sources */ = {isa = PBXBuildFile; fileRef = 22A48E0C2344AD3E0046C3D3 /* LoginViewController.swift */; };
		22A48E0F2344F7460046C3D3 /* AccountsettingViewController.swift in Sources */ = {isa = PBXBuildFile; fileRef = 22A48E0E2344F7460046C3D3 /* AccountsettingViewController.swift */; };
		22A48E1123456AB90046C3D3 /* TutorialViewController.swift in Sources */ = {isa = PBXBuildFile; fileRef = 22A48E1023456AB90046C3D3 /* TutorialViewController.swift */; };
		22A48E13234570F80046C3D3 /* sxy.png in Resources */ = {isa = PBXBuildFile; fileRef = 22A48E12234570F80046C3D3 /* sxy.png */; };
		22A48E1623457E4D0046C3D3 /* LogViewController.swift in Sources */ = {isa = PBXBuildFile; fileRef = 22A48E1523457E4D0046C3D3 /* LogViewController.swift */; };
		22A48E1823457E780046C3D3 /* ProjectManageViewController.swift in Sources */ = {isa = PBXBuildFile; fileRef = 22A48E1723457E780046C3D3 /* ProjectManageViewController.swift */; };
		22A48E1A2345D74F0046C3D3 /* ProjectEditViewController.swift in Sources */ = {isa = PBXBuildFile; fileRef = 22A48E192345D74F0046C3D3 /* ProjectEditViewController.swift */; };
		22A48E1C2345D88E0046C3D3 /* OnlineViewController.swift in Sources */ = {isa = PBXBuildFile; fileRef = 22A48E1B2345D88E0046C3D3 /* OnlineViewController.swift */; };
		22A48E1E2345DA2C0046C3D3 /* StartProjectViewController.swift in Sources */ = {isa = PBXBuildFile; fileRef = 22A48E1D2345DA2C0046C3D3 /* StartProjectViewController.swift */; };
		22A48E252345DD4A0046C3D3 /* ProjectTableViewCell.swift in Sources */ = {isa = PBXBuildFile; fileRef = 22A48E232345DD4A0046C3D3 /* ProjectTableViewCell.swift */; };
		22A48E262345DD4A0046C3D3 /* ProjectTableViewCell.xib in Resources */ = {isa = PBXBuildFile; fileRef = 22A48E242345DD4A0046C3D3 /* ProjectTableViewCell.xib */; };
		22A48E2C2345DE0B0046C3D3 /* ChatViewController.swift in Sources */ = {isa = PBXBuildFile; fileRef = 22A48E2B2345DE0B0046C3D3 /* ChatViewController.swift */; };
		22A48E312345E12E0046C3D3 /* OnlineUserTableViewCell.swift in Sources */ = {isa = PBXBuildFile; fileRef = 22A48E2F2345E12E0046C3D3 /* OnlineUserTableViewCell.swift */; };
		22A48E322345E12E0046C3D3 /* OnlineUserTableViewCell.xib in Resources */ = {isa = PBXBuildFile; fileRef = 22A48E302345E12E0046C3D3 /* OnlineUserTableViewCell.xib */; };
		22A48E342345E2B90046C3D3 /* RecordProjectTimeViewController.swift in Sources */ = {isa = PBXBuildFile; fileRef = 22A48E332345E2B90046C3D3 /* RecordProjectTimeViewController.swift */; };
		22A48E362345E47B0046C3D3 /* FinishProjectRecordingViewController.swift in Sources */ = {isa = PBXBuildFile; fileRef = 22A48E352345E47B0046C3D3 /* FinishProjectRecordingViewController.swift */; };
		22A48E382345E4DA0046C3D3 /* CreateNewProjectViewController.swift in Sources */ = {isa = PBXBuildFile; fileRef = 22A48E372345E4DA0046C3D3 /* CreateNewProjectViewController.swift */; };
		22A48E3A2345E60B0046C3D3 /* QuickStartViewController.swift in Sources */ = {isa = PBXBuildFile; fileRef = 22A48E392345E60B0046C3D3 /* QuickStartViewController.swift */; };
		22A48E3E2345E6CF0046C3D3 /* ChatUserTableViewCell.swift in Sources */ = {isa = PBXBuildFile; fileRef = 22A48E3C2345E6CF0046C3D3 /* ChatUserTableViewCell.swift */; };
		22A48E3F2345E6CF0046C3D3 /* ChatUserTableViewCell.xib in Resources */ = {isa = PBXBuildFile; fileRef = 22A48E3D2345E6CF0046C3D3 /* ChatUserTableViewCell.xib */; };
		22A48E422345E81A0046C3D3 /* ChatConversationTableViewCell.swift in Sources */ = {isa = PBXBuildFile; fileRef = 22A48E402345E81A0046C3D3 /* ChatConversationTableViewCell.swift */; };
		22A48E432345E81A0046C3D3 /* ChatConversationTableViewCell.xib in Resources */ = {isa = PBXBuildFile; fileRef = 22A48E412345E81A0046C3D3 /* ChatConversationTableViewCell.xib */; };
		22A48E452345FD580046C3D3 /* ProfileViewController.swift in Sources */ = {isa = PBXBuildFile; fileRef = 22A48E442345FD580046C3D3 /* ProfileViewController.swift */; };
		22B5F0E5234779AD003733F0 /* HauntCollectionViewCell.swift in Sources */ = {isa = PBXBuildFile; fileRef = 22B5F0E3234779AD003733F0 /* HauntCollectionViewCell.swift */; };
		22B5F0E6234779AD003733F0 /* HauntCollectionViewCell.xib in Resources */ = {isa = PBXBuildFile; fileRef = 22B5F0E4234779AD003733F0 /* HauntCollectionViewCell.xib */; };
		34684EEB8C0E72523C2D2E58 /* Pods_HauntTests.framework in Frameworks */ = {isa = PBXBuildFile; fileRef = 3100AA1FCD05299DA7E48BFC /* Pods_HauntTests.framework */; };
		DA70EB679CD3A0E71C362476 /* Pods_HauntUITests.framework in Frameworks */ = {isa = PBXBuildFile; fileRef = 4291CDFECB85E355AC70F88A /* Pods_HauntUITests.framework */; };
		F2D100C9E3EC1BB413095E28 /* Pods_Haunt.framework in Frameworks */ = {isa = PBXBuildFile; fileRef = 46205E7C364478D3F6F66CE3 /* Pods_Haunt.framework */; };
/* End PBXBuildFile section */

/* Begin PBXContainerItemProxy section */
		2256F49723430E7500AD1F47 /* PBXContainerItemProxy */ = {
			isa = PBXContainerItemProxy;
			containerPortal = 2256F47523430E7300AD1F47 /* Project object */;
			proxyType = 1;
			remoteGlobalIDString = 2256F47C23430E7300AD1F47;
			remoteInfo = Haunt;
		};
		2256F4A223430E7500AD1F47 /* PBXContainerItemProxy */ = {
			isa = PBXContainerItemProxy;
			containerPortal = 2256F47523430E7300AD1F47 /* Project object */;
			proxyType = 1;
			remoteGlobalIDString = 2256F47C23430E7300AD1F47;
			remoteInfo = Haunt;
		};
/* End PBXContainerItemProxy section */

/* Begin PBXFileReference section */
		019BE82F386581F5CB2D906C /* Pods-HauntUITests.debug.xcconfig */ = {isa = PBXFileReference; includeInIndex = 1; lastKnownFileType = text.xcconfig; name = "Pods-HauntUITests.debug.xcconfig"; path = "Target Support Files/Pods-HauntUITests/Pods-HauntUITests.debug.xcconfig"; sourceTree = "<group>"; };
		2256F47D23430E7300AD1F47 /* Haunt.app */ = {isa = PBXFileReference; explicitFileType = wrapper.application; includeInIndex = 0; path = Haunt.app; sourceTree = BUILT_PRODUCTS_DIR; };
		2256F48023430E7300AD1F47 /* AppDelegate.swift */ = {isa = PBXFileReference; lastKnownFileType = sourcecode.swift; path = AppDelegate.swift; sourceTree = "<group>"; };
		2256F48223430E7300AD1F47 /* SceneDelegate.swift */ = {isa = PBXFileReference; lastKnownFileType = sourcecode.swift; path = SceneDelegate.swift; sourceTree = "<group>"; };
		2256F48423430E7300AD1F47 /* RegisterViewController.swift */ = {isa = PBXFileReference; lastKnownFileType = sourcecode.swift; path = RegisterViewController.swift; sourceTree = "<group>"; };
		2256F48723430E7300AD1F47 /* Base */ = {isa = PBXFileReference; lastKnownFileType = file.storyboard; name = Base; path = Base.lproj/Main.storyboard; sourceTree = "<group>"; };
		2256F48A23430E7300AD1F47 /* Haunt.xcdatamodel */ = {isa = PBXFileReference; lastKnownFileType = wrapper.xcdatamodel; path = Haunt.xcdatamodel; sourceTree = "<group>"; };
		2256F48C23430E7500AD1F47 /* Assets.xcassets */ = {isa = PBXFileReference; lastKnownFileType = folder.assetcatalog; path = Assets.xcassets; sourceTree = "<group>"; };
		2256F48F23430E7500AD1F47 /* Base */ = {isa = PBXFileReference; lastKnownFileType = file.storyboard; name = Base; path = Base.lproj/LaunchScreen.storyboard; sourceTree = "<group>"; };
		2256F49123430E7500AD1F47 /* Info.plist */ = {isa = PBXFileReference; lastKnownFileType = text.plist.xml; path = Info.plist; sourceTree = "<group>"; };
		2256F49623430E7500AD1F47 /* HauntTests.xctest */ = {isa = PBXFileReference; explicitFileType = wrapper.cfbundle; includeInIndex = 0; path = HauntTests.xctest; sourceTree = BUILT_PRODUCTS_DIR; };
		2256F49A23430E7500AD1F47 /* HauntTests.swift */ = {isa = PBXFileReference; lastKnownFileType = sourcecode.swift; path = HauntTests.swift; sourceTree = "<group>"; };
		2256F49C23430E7500AD1F47 /* Info.plist */ = {isa = PBXFileReference; lastKnownFileType = text.plist.xml; path = Info.plist; sourceTree = "<group>"; };
		2256F4A123430E7500AD1F47 /* HauntUITests.xctest */ = {isa = PBXFileReference; explicitFileType = wrapper.cfbundle; includeInIndex = 0; path = HauntUITests.xctest; sourceTree = BUILT_PRODUCTS_DIR; };
		2256F4A523430E7500AD1F47 /* HauntUITests.swift */ = {isa = PBXFileReference; lastKnownFileType = sourcecode.swift; path = HauntUITests.swift; sourceTree = "<group>"; };
		2256F4A723430E7500AD1F47 /* Info.plist */ = {isa = PBXFileReference; lastKnownFileType = text.plist.xml; path = Info.plist; sourceTree = "<group>"; };
		22A48E0A23449EA10046C3D3 /* GoogleService-Info.plist */ = {isa = PBXFileReference; fileEncoding = 4; lastKnownFileType = text.plist.xml; path = "GoogleService-Info.plist"; sourceTree = "<group>"; };
		22A48E0C2344AD3E0046C3D3 /* LoginViewController.swift */ = {isa = PBXFileReference; lastKnownFileType = sourcecode.swift; path = LoginViewController.swift; sourceTree = "<group>"; };
		22A48E0E2344F7460046C3D3 /* AccountsettingViewController.swift */ = {isa = PBXFileReference; lastKnownFileType = sourcecode.swift; path = AccountsettingViewController.swift; sourceTree = "<group>"; };
		22A48E1023456AB90046C3D3 /* TutorialViewController.swift */ = {isa = PBXFileReference; lastKnownFileType = sourcecode.swift; path = TutorialViewController.swift; sourceTree = "<group>"; };
		22A48E12234570F80046C3D3 /* sxy.png */ = {isa = PBXFileReference; lastKnownFileType = image.png; path = sxy.png; sourceTree = "<group>"; };
		22A48E1523457E4D0046C3D3 /* LogViewController.swift */ = {isa = PBXFileReference; lastKnownFileType = sourcecode.swift; path = LogViewController.swift; sourceTree = "<group>"; };
		22A48E1723457E780046C3D3 /* ProjectManageViewController.swift */ = {isa = PBXFileReference; lastKnownFileType = sourcecode.swift; path = ProjectManageViewController.swift; sourceTree = "<group>"; };
		22A48E192345D74F0046C3D3 /* ProjectEditViewController.swift */ = {isa = PBXFileReference; lastKnownFileType = sourcecode.swift; path = ProjectEditViewController.swift; sourceTree = "<group>"; };
		22A48E1B2345D88E0046C3D3 /* OnlineViewController.swift */ = {isa = PBXFileReference; lastKnownFileType = sourcecode.swift; path = OnlineViewController.swift; sourceTree = "<group>"; };
		22A48E1D2345DA2C0046C3D3 /* StartProjectViewController.swift */ = {isa = PBXFileReference; lastKnownFileType = sourcecode.swift; path = StartProjectViewController.swift; sourceTree = "<group>"; };
		22A48E232345DD4A0046C3D3 /* ProjectTableViewCell.swift */ = {isa = PBXFileReference; lastKnownFileType = sourcecode.swift; path = ProjectTableViewCell.swift; sourceTree = "<group>"; };
		22A48E242345DD4A0046C3D3 /* ProjectTableViewCell.xib */ = {isa = PBXFileReference; lastKnownFileType = file.xib; path = ProjectTableViewCell.xib; sourceTree = "<group>"; };
		22A48E2B2345DE0B0046C3D3 /* ChatViewController.swift */ = {isa = PBXFileReference; lastKnownFileType = sourcecode.swift; path = ChatViewController.swift; sourceTree = "<group>"; };
		22A48E2F2345E12E0046C3D3 /* OnlineUserTableViewCell.swift */ = {isa = PBXFileReference; lastKnownFileType = sourcecode.swift; path = OnlineUserTableViewCell.swift; sourceTree = "<group>"; };
		22A48E302345E12E0046C3D3 /* OnlineUserTableViewCell.xib */ = {isa = PBXFileReference; lastKnownFileType = file.xib; path = OnlineUserTableViewCell.xib; sourceTree = "<group>"; };
		22A48E332345E2B90046C3D3 /* RecordProjectTimeViewController.swift */ = {isa = PBXFileReference; lastKnownFileType = sourcecode.swift; path = RecordProjectTimeViewController.swift; sourceTree = "<group>"; };
		22A48E352345E47B0046C3D3 /* FinishProjectRecordingViewController.swift */ = {isa = PBXFileReference; lastKnownFileType = sourcecode.swift; path = FinishProjectRecordingViewController.swift; sourceTree = "<group>"; };
		22A48E372345E4DA0046C3D3 /* CreateNewProjectViewController.swift */ = {isa = PBXFileReference; lastKnownFileType = sourcecode.swift; path = CreateNewProjectViewController.swift; sourceTree = "<group>"; };
		22A48E392345E60B0046C3D3 /* QuickStartViewController.swift */ = {isa = PBXFileReference; lastKnownFileType = sourcecode.swift; path = QuickStartViewController.swift; sourceTree = "<group>"; };
		22A48E3C2345E6CF0046C3D3 /* ChatUserTableViewCell.swift */ = {isa = PBXFileReference; lastKnownFileType = sourcecode.swift; path = ChatUserTableViewCell.swift; sourceTree = "<group>"; };
		22A48E3D2345E6CF0046C3D3 /* ChatUserTableViewCell.xib */ = {isa = PBXFileReference; lastKnownFileType = file.xib; path = ChatUserTableViewCell.xib; sourceTree = "<group>"; };
		22A48E402345E81A0046C3D3 /* ChatConversationTableViewCell.swift */ = {isa = PBXFileReference; lastKnownFileType = sourcecode.swift; path = ChatConversationTableViewCell.swift; sourceTree = "<group>"; };
		22A48E412345E81A0046C3D3 /* ChatConversationTableViewCell.xib */ = {isa = PBXFileReference; lastKnownFileType = file.xib; path = ChatConversationTableViewCell.xib; sourceTree = "<group>"; };
		22A48E442345FD580046C3D3 /* ProfileViewController.swift */ = {isa = PBXFileReference; lastKnownFileType = sourcecode.swift; path = ProfileViewController.swift; sourceTree = "<group>"; };
		22B5F0E3234779AD003733F0 /* HauntCollectionViewCell.swift */ = {isa = PBXFileReference; lastKnownFileType = sourcecode.swift; path = HauntCollectionViewCell.swift; sourceTree = "<group>"; };
		22B5F0E4234779AD003733F0 /* HauntCollectionViewCell.xib */ = {isa = PBXFileReference; lastKnownFileType = file.xib; path = HauntCollectionViewCell.xib; sourceTree = "<group>"; };
		3100AA1FCD05299DA7E48BFC /* Pods_HauntTests.framework */ = {isa = PBXFileReference; explicitFileType = wrapper.framework; includeInIndex = 0; path = Pods_HauntTests.framework; sourceTree = BUILT_PRODUCTS_DIR; };
		33D02B0A571AA4D743D05C72 /* Pods-HauntTests.release.xcconfig */ = {isa = PBXFileReference; includeInIndex = 1; lastKnownFileType = text.xcconfig; name = "Pods-HauntTests.release.xcconfig"; path = "Target Support Files/Pods-HauntTests/Pods-HauntTests.release.xcconfig"; sourceTree = "<group>"; };
		4291CDFECB85E355AC70F88A /* Pods_HauntUITests.framework */ = {isa = PBXFileReference; explicitFileType = wrapper.framework; includeInIndex = 0; path = Pods_HauntUITests.framework; sourceTree = BUILT_PRODUCTS_DIR; };
		46205E7C364478D3F6F66CE3 /* Pods_Haunt.framework */ = {isa = PBXFileReference; explicitFileType = wrapper.framework; includeInIndex = 0; path = Pods_Haunt.framework; sourceTree = BUILT_PRODUCTS_DIR; };
		571686B61EBC842F0D7F1EE1 /* Pods-Haunt.release.xcconfig */ = {isa = PBXFileReference; includeInIndex = 1; lastKnownFileType = text.xcconfig; name = "Pods-Haunt.release.xcconfig"; path = "Target Support Files/Pods-Haunt/Pods-Haunt.release.xcconfig"; sourceTree = "<group>"; };
		6D96C83061F32CDAF6B1E972 /* Pods-HauntUITests.release.xcconfig */ = {isa = PBXFileReference; includeInIndex = 1; lastKnownFileType = text.xcconfig; name = "Pods-HauntUITests.release.xcconfig"; path = "Target Support Files/Pods-HauntUITests/Pods-HauntUITests.release.xcconfig"; sourceTree = "<group>"; };
		8113CC38E3E40B351DF34CDA /* Pods-HauntTests.debug.xcconfig */ = {isa = PBXFileReference; includeInIndex = 1; lastKnownFileType = text.xcconfig; name = "Pods-HauntTests.debug.xcconfig"; path = "Target Support Files/Pods-HauntTests/Pods-HauntTests.debug.xcconfig"; sourceTree = "<group>"; };
		FDA43D9A0D79679AACB03D4B /* Pods-Haunt.debug.xcconfig */ = {isa = PBXFileReference; includeInIndex = 1; lastKnownFileType = text.xcconfig; name = "Pods-Haunt.debug.xcconfig"; path = "Target Support Files/Pods-Haunt/Pods-Haunt.debug.xcconfig"; sourceTree = "<group>"; };
/* End PBXFileReference section */

/* Begin PBXFrameworksBuildPhase section */
		2256F47A23430E7300AD1F47 /* Frameworks */ = {
			isa = PBXFrameworksBuildPhase;
			buildActionMask = 2147483647;
			files = (
				F2D100C9E3EC1BB413095E28 /* Pods_Haunt.framework in Frameworks */,
			);
			runOnlyForDeploymentPostprocessing = 0;
		};
		2256F49323430E7500AD1F47 /* Frameworks */ = {
			isa = PBXFrameworksBuildPhase;
			buildActionMask = 2147483647;
			files = (
				34684EEB8C0E72523C2D2E58 /* Pods_HauntTests.framework in Frameworks */,
			);
			runOnlyForDeploymentPostprocessing = 0;
		};
		2256F49E23430E7500AD1F47 /* Frameworks */ = {
			isa = PBXFrameworksBuildPhase;
			buildActionMask = 2147483647;
			files = (
				DA70EB679CD3A0E71C362476 /* Pods_HauntUITests.framework in Frameworks */,
			);
			runOnlyForDeploymentPostprocessing = 0;
		};
/* End PBXFrameworksBuildPhase section */

/* Begin PBXGroup section */
		2256F47423430E7300AD1F47 = {
			isa = PBXGroup;
			children = (
				2256F47F23430E7300AD1F47 /* Haunt */,
				2256F49923430E7500AD1F47 /* HauntTests */,
				2256F4A423430E7500AD1F47 /* HauntUITests */,
				2256F47E23430E7300AD1F47 /* Products */,
				E9846DCF6315BB27EBE78C09 /* Pods */,
				65BD8E49EBE1415BB2433DA5 /* Frameworks */,
			);
			sourceTree = "<group>";
		};
		2256F47E23430E7300AD1F47 /* Products */ = {
			isa = PBXGroup;
			children = (
				2256F47D23430E7300AD1F47 /* Haunt.app */,
				2256F49623430E7500AD1F47 /* HauntTests.xctest */,
				2256F4A123430E7500AD1F47 /* HauntUITests.xctest */,
			);
			name = Products;
			sourceTree = "<group>";
		};
		2256F47F23430E7300AD1F47 /* Haunt */ = {
			isa = PBXGroup;
			children = (
				2256F48023430E7300AD1F47 /* AppDelegate.swift */,
				2256F48223430E7300AD1F47 /* SceneDelegate.swift */,
				2256F48623430E7300AD1F47 /* Main.storyboard */,
				22A48E282345DD820046C3D3 /* starting */,
				22A48E272345DD610046C3D3 /* home */,
				22A48E292345DDCB0046C3D3 /* online */,
				22A48E2A2345DDE40046C3D3 /* startProject */,
				22A48E2D2345DE140046C3D3 /* Chat */,
				22A48E2E2345DE420046C3D3 /* AccountSetting */,
				22A48E4623463B6C0046C3D3 /* Database */,
				22A48E14234570FD0046C3D3 /* image */,
				2256F48C23430E7500AD1F47 /* Assets.xcassets */,
				2256F48E23430E7500AD1F47 /* LaunchScreen.storyboard */,
				2256F49123430E7500AD1F47 /* Info.plist */,
				22A48E0A23449EA10046C3D3 /* GoogleService-Info.plist */,
				2256F48923430E7300AD1F47 /* Haunt.xcdatamodeld */,
			);
			path = Haunt;
			sourceTree = "<group>";
		};
		2256F49923430E7500AD1F47 /* HauntTests */ = {
			isa = PBXGroup;
			children = (
				2256F49A23430E7500AD1F47 /* HauntTests.swift */,
				2256F49C23430E7500AD1F47 /* Info.plist */,
			);
			path = HauntTests;
			sourceTree = "<group>";
		};
		2256F4A423430E7500AD1F47 /* HauntUITests */ = {
			isa = PBXGroup;
			children = (
				2256F4A523430E7500AD1F47 /* HauntUITests.swift */,
				2256F4A723430E7500AD1F47 /* Info.plist */,
			);
			path = HauntUITests;
			sourceTree = "<group>";
		};
		22A48E14234570FD0046C3D3 /* image */ = {
			isa = PBXGroup;
			children = (
				22A48E12234570F80046C3D3 /* sxy.png */,
			);
			path = image;
			sourceTree = "<group>";
		};
		22A48E272345DD610046C3D3 /* home */ = {
			isa = PBXGroup;
			children = (
				22A48E1523457E4D0046C3D3 /* LogViewController.swift */,
				22A48E232345DD4A0046C3D3 /* ProjectTableViewCell.swift */,
				22A48E242345DD4A0046C3D3 /* ProjectTableViewCell.xib */,
				22A48E1723457E780046C3D3 /* ProjectManageViewController.swift */,
				22A48E192345D74F0046C3D3 /* ProjectEditViewController.swift */,
			);
			path = home;
			sourceTree = "<group>";
		};
		22A48E282345DD820046C3D3 /* starting */ = {
			isa = PBXGroup;
			children = (
				22A48E1023456AB90046C3D3 /* TutorialViewController.swift */,
				2256F48423430E7300AD1F47 /* RegisterViewController.swift */,
				22A48E0C2344AD3E0046C3D3 /* LoginViewController.swift */,
				22A48E0E2344F7460046C3D3 /* AccountsettingViewController.swift */,
				22B5F0E3234779AD003733F0 /* HauntCollectionViewCell.swift */,
				22B5F0E4234779AD003733F0 /* HauntCollectionViewCell.xib */,
			);
			path = starting;
			sourceTree = "<group>";
		};
		22A48E292345DDCB0046C3D3 /* online */ = {
			isa = PBXGroup;
			children = (
				22A48E1B2345D88E0046C3D3 /* OnlineViewController.swift */,
				22A48E2F2345E12E0046C3D3 /* OnlineUserTableViewCell.swift */,
				22A48E302345E12E0046C3D3 /* OnlineUserTableViewCell.xib */,
			);
			path = online;
			sourceTree = "<group>";
		};
		22A48E2A2345DDE40046C3D3 /* startProject */ = {
			isa = PBXGroup;
			children = (
				22A48E1D2345DA2C0046C3D3 /* StartProjectViewController.swift */,
				22A48E372345E4DA0046C3D3 /* CreateNewProjectViewController.swift */,
				22A48E392345E60B0046C3D3 /* QuickStartViewController.swift */,
				22A48E352345E47B0046C3D3 /* FinishProjectRecordingViewController.swift */,
				22A48E332345E2B90046C3D3 /* RecordProjectTimeViewController.swift */,
			);
			path = startProject;
			sourceTree = "<group>";
		};
		22A48E2D2345DE140046C3D3 /* Chat */ = {
			isa = PBXGroup;
			children = (
				22A48E2B2345DE0B0046C3D3 /* ChatViewController.swift */,
				22A48E3C2345E6CF0046C3D3 /* ChatUserTableViewCell.swift */,
				22A48E3D2345E6CF0046C3D3 /* ChatUserTableViewCell.xib */,
				22A48E402345E81A0046C3D3 /* ChatConversationTableViewCell.swift */,
				22A48E412345E81A0046C3D3 /* ChatConversationTableViewCell.xib */,
				22A48E442345FD580046C3D3 /* ProfileViewController.swift */,
			);
			path = Chat;
			sourceTree = "<group>";
		};
		22A48E2E2345DE420046C3D3 /* AccountSetting */ = {
			isa = PBXGroup;
			children = (
			);
			path = AccountSetting;
			sourceTree = "<group>";
		};
		22A48E4623463B6C0046C3D3 /* Database */ = {
			isa = PBXGroup;
			children = (
			);
			path = Database;
			sourceTree = "<group>";
		};
		65BD8E49EBE1415BB2433DA5 /* Frameworks */ = {
			isa = PBXGroup;
			children = (
				46205E7C364478D3F6F66CE3 /* Pods_Haunt.framework */,
				3100AA1FCD05299DA7E48BFC /* Pods_HauntTests.framework */,
				4291CDFECB85E355AC70F88A /* Pods_HauntUITests.framework */,
			);
			name = Frameworks;
			sourceTree = "<group>";
		};
		E9846DCF6315BB27EBE78C09 /* Pods */ = {
			isa = PBXGroup;
			children = (
				FDA43D9A0D79679AACB03D4B /* Pods-Haunt.debug.xcconfig */,
				571686B61EBC842F0D7F1EE1 /* Pods-Haunt.release.xcconfig */,
				8113CC38E3E40B351DF34CDA /* Pods-HauntTests.debug.xcconfig */,
				33D02B0A571AA4D743D05C72 /* Pods-HauntTests.release.xcconfig */,
				019BE82F386581F5CB2D906C /* Pods-HauntUITests.debug.xcconfig */,
				6D96C83061F32CDAF6B1E972 /* Pods-HauntUITests.release.xcconfig */,
			);
			path = Pods;
			sourceTree = "<group>";
		};
/* End PBXGroup section */

/* Begin PBXNativeTarget section */
		2256F47C23430E7300AD1F47 /* Haunt */ = {
			isa = PBXNativeTarget;
			buildConfigurationList = 2256F4AA23430E7500AD1F47 /* Build configuration list for PBXNativeTarget "Haunt" */;
			buildPhases = (
				F523DD18CE323B10C72198DE /* [CP] Check Pods Manifest.lock */,
				2256F47923430E7300AD1F47 /* Sources */,
				2256F47A23430E7300AD1F47 /* Frameworks */,
				2256F47B23430E7300AD1F47 /* Resources */,
				96852AAD28AB03664A757392 /* [CP] Embed Pods Frameworks */,
			);
			buildRules = (
			);
			dependencies = (
			);
			name = Haunt;
			productName = Haunt;
			productReference = 2256F47D23430E7300AD1F47 /* Haunt.app */;
			productType = "com.apple.product-type.application";
		};
		2256F49523430E7500AD1F47 /* HauntTests */ = {
			isa = PBXNativeTarget;
			buildConfigurationList = 2256F4AD23430E7500AD1F47 /* Build configuration list for PBXNativeTarget "HauntTests" */;
			buildPhases = (
				E54BEC76E54BB10C6EA57581 /* [CP] Check Pods Manifest.lock */,
				2256F49223430E7500AD1F47 /* Sources */,
				2256F49323430E7500AD1F47 /* Frameworks */,
				2256F49423430E7500AD1F47 /* Resources */,
			);
			buildRules = (
			);
			dependencies = (
				2256F49823430E7500AD1F47 /* PBXTargetDependency */,
			);
			name = HauntTests;
			productName = HauntTests;
			productReference = 2256F49623430E7500AD1F47 /* HauntTests.xctest */;
			productType = "com.apple.product-type.bundle.unit-test";
		};
		2256F4A023430E7500AD1F47 /* HauntUITests */ = {
			isa = PBXNativeTarget;
			buildConfigurationList = 2256F4B023430E7500AD1F47 /* Build configuration list for PBXNativeTarget "HauntUITests" */;
			buildPhases = (
				D296FB0044426121FC5E4A69 /* [CP] Check Pods Manifest.lock */,
				2256F49D23430E7500AD1F47 /* Sources */,
				2256F49E23430E7500AD1F47 /* Frameworks */,
				2256F49F23430E7500AD1F47 /* Resources */,
			);
			buildRules = (
			);
			dependencies = (
				2256F4A323430E7500AD1F47 /* PBXTargetDependency */,
			);
			name = HauntUITests;
			productName = HauntUITests;
			productReference = 2256F4A123430E7500AD1F47 /* HauntUITests.xctest */;
			productType = "com.apple.product-type.bundle.ui-testing";
		};
/* End PBXNativeTarget section */

/* Begin PBXProject section */
		2256F47523430E7300AD1F47 /* Project object */ = {
			isa = PBXProject;
			attributes = {
				LastSwiftUpdateCheck = 1100;
				LastUpgradeCheck = 1100;
				ORGANIZATIONNAME = "Masakazu Nishimura";
				TargetAttributes = {
					2256F47C23430E7300AD1F47 = {
						CreatedOnToolsVersion = 11.0;
					};
					2256F49523430E7500AD1F47 = {
						CreatedOnToolsVersion = 11.0;
						TestTargetID = 2256F47C23430E7300AD1F47;
					};
					2256F4A023430E7500AD1F47 = {
						CreatedOnToolsVersion = 11.0;
						TestTargetID = 2256F47C23430E7300AD1F47;
					};
				};
			};
			buildConfigurationList = 2256F47823430E7300AD1F47 /* Build configuration list for PBXProject "Haunt" */;
			compatibilityVersion = "Xcode 9.3";
			developmentRegion = en;
			hasScannedForEncodings = 0;
			knownRegions = (
				en,
				Base,
			);
			mainGroup = 2256F47423430E7300AD1F47;
			productRefGroup = 2256F47E23430E7300AD1F47 /* Products */;
			projectDirPath = "";
			projectRoot = "";
			targets = (
				2256F47C23430E7300AD1F47 /* Haunt */,
				2256F49523430E7500AD1F47 /* HauntTests */,
				2256F4A023430E7500AD1F47 /* HauntUITests */,
			);
		};
/* End PBXProject section */

/* Begin PBXResourcesBuildPhase section */
		2256F47B23430E7300AD1F47 /* Resources */ = {
			isa = PBXResourcesBuildPhase;
			buildActionMask = 2147483647;
			files = (
				22A48E13234570F80046C3D3 /* sxy.png in Resources */,
				22B5F0E6234779AD003733F0 /* HauntCollectionViewCell.xib in Resources */,
				22A48E432345E81A0046C3D3 /* ChatConversationTableViewCell.xib in Resources */,
				22A48E262345DD4A0046C3D3 /* ProjectTableViewCell.xib in Resources */,
				2256F49023430E7500AD1F47 /* LaunchScreen.storyboard in Resources */,
				2256F48D23430E7500AD1F47 /* Assets.xcassets in Resources */,
				22A48E3F2345E6CF0046C3D3 /* ChatUserTableViewCell.xib in Resources */,
				22A48E322345E12E0046C3D3 /* OnlineUserTableViewCell.xib in Resources */,
				2256F48823430E7300AD1F47 /* Main.storyboard in Resources */,
				22A48E0B23449EA10046C3D3 /* GoogleService-Info.plist in Resources */,
			);
			runOnlyForDeploymentPostprocessing = 0;
		};
		2256F49423430E7500AD1F47 /* Resources */ = {
			isa = PBXResourcesBuildPhase;
			buildActionMask = 2147483647;
			files = (
			);
			runOnlyForDeploymentPostprocessing = 0;
		};
		2256F49F23430E7500AD1F47 /* Resources */ = {
			isa = PBXResourcesBuildPhase;
			buildActionMask = 2147483647;
			files = (
			);
			runOnlyForDeploymentPostprocessing = 0;
		};
/* End PBXResourcesBuildPhase section */

/* Begin PBXShellScriptBuildPhase section */
		96852AAD28AB03664A757392 /* [CP] Embed Pods Frameworks */ = {
			isa = PBXShellScriptBuildPhase;
			buildActionMask = 2147483647;
			files = (
			);
			inputFileListPaths = (
				"${PODS_ROOT}/Target Support Files/Pods-Haunt/Pods-Haunt-frameworks-${CONFIGURATION}-input-files.xcfilelist",
			);
			name = "[CP] Embed Pods Frameworks";
			outputFileListPaths = (
				"${PODS_ROOT}/Target Support Files/Pods-Haunt/Pods-Haunt-frameworks-${CONFIGURATION}-output-files.xcfilelist",
			);
			runOnlyForDeploymentPostprocessing = 0;
			shellPath = /bin/sh;
			shellScript = "\"${PODS_ROOT}/Target Support Files/Pods-Haunt/Pods-Haunt-frameworks.sh\"\n";
			showEnvVarsInLog = 0;
		};
		D296FB0044426121FC5E4A69 /* [CP] Check Pods Manifest.lock */ = {
			isa = PBXShellScriptBuildPhase;
			buildActionMask = 2147483647;
			files = (
			);
			inputFileListPaths = (
			);
			inputPaths = (
				"${PODS_PODFILE_DIR_PATH}/Podfile.lock",
				"${PODS_ROOT}/Manifest.lock",
			);
			name = "[CP] Check Pods Manifest.lock";
			outputFileListPaths = (
			);
			outputPaths = (
				"$(DERIVED_FILE_DIR)/Pods-HauntUITests-checkManifestLockResult.txt",
			);
			runOnlyForDeploymentPostprocessing = 0;
			shellPath = /bin/sh;
			shellScript = "diff \"${PODS_PODFILE_DIR_PATH}/Podfile.lock\" \"${PODS_ROOT}/Manifest.lock\" > /dev/null\nif [ $? != 0 ] ; then\n    # print error to STDERR\n    echo \"error: The sandbox is not in sync with the Podfile.lock. Run 'pod install' or update your CocoaPods installation.\" >&2\n    exit 1\nfi\n# This output is used by Xcode 'outputs' to avoid re-running this script phase.\necho \"SUCCESS\" > \"${SCRIPT_OUTPUT_FILE_0}\"\n";
			showEnvVarsInLog = 0;
		};
		E54BEC76E54BB10C6EA57581 /* [CP] Check Pods Manifest.lock */ = {
			isa = PBXShellScriptBuildPhase;
			buildActionMask = 2147483647;
			files = (
			);
			inputFileListPaths = (
			);
			inputPaths = (
				"${PODS_PODFILE_DIR_PATH}/Podfile.lock",
				"${PODS_ROOT}/Manifest.lock",
			);
			name = "[CP] Check Pods Manifest.lock";
			outputFileListPaths = (
			);
			outputPaths = (
				"$(DERIVED_FILE_DIR)/Pods-HauntTests-checkManifestLockResult.txt",
			);
			runOnlyForDeploymentPostprocessing = 0;
			shellPath = /bin/sh;
			shellScript = "diff \"${PODS_PODFILE_DIR_PATH}/Podfile.lock\" \"${PODS_ROOT}/Manifest.lock\" > /dev/null\nif [ $? != 0 ] ; then\n    # print error to STDERR\n    echo \"error: The sandbox is not in sync with the Podfile.lock. Run 'pod install' or update your CocoaPods installation.\" >&2\n    exit 1\nfi\n# This output is used by Xcode 'outputs' to avoid re-running this script phase.\necho \"SUCCESS\" > \"${SCRIPT_OUTPUT_FILE_0}\"\n";
			showEnvVarsInLog = 0;
		};
		F523DD18CE323B10C72198DE /* [CP] Check Pods Manifest.lock */ = {
			isa = PBXShellScriptBuildPhase;
			buildActionMask = 2147483647;
			files = (
			);
			inputFileListPaths = (
			);
			inputPaths = (
				"${PODS_PODFILE_DIR_PATH}/Podfile.lock",
				"${PODS_ROOT}/Manifest.lock",
			);
			name = "[CP] Check Pods Manifest.lock";
			outputFileListPaths = (
			);
			outputPaths = (
				"$(DERIVED_FILE_DIR)/Pods-Haunt-checkManifestLockResult.txt",
			);
			runOnlyForDeploymentPostprocessing = 0;
			shellPath = /bin/sh;
			shellScript = "diff \"${PODS_PODFILE_DIR_PATH}/Podfile.lock\" \"${PODS_ROOT}/Manifest.lock\" > /dev/null\nif [ $? != 0 ] ; then\n    # print error to STDERR\n    echo \"error: The sandbox is not in sync with the Podfile.lock. Run 'pod install' or update your CocoaPods installation.\" >&2\n    exit 1\nfi\n# This output is used by Xcode 'outputs' to avoid re-running this script phase.\necho \"SUCCESS\" > \"${SCRIPT_OUTPUT_FILE_0}\"\n";
			showEnvVarsInLog = 0;
		};
/* End PBXShellScriptBuildPhase section */

/* Begin PBXSourcesBuildPhase section */
		2256F47923430E7300AD1F47 /* Sources */ = {
			isa = PBXSourcesBuildPhase;
			buildActionMask = 2147483647;
			files = (
				2256F48523430E7300AD1F47 /* RegisterViewController.swift in Sources */,
				22A48E1823457E780046C3D3 /* ProjectManageViewController.swift in Sources */,
				22A48E1123456AB90046C3D3 /* TutorialViewController.swift in Sources */,
				22A48E252345DD4A0046C3D3 /* ProjectTableViewCell.swift in Sources */,
				22A48E3A2345E60B0046C3D3 /* QuickStartViewController.swift in Sources */,
				22A48E342345E2B90046C3D3 /* RecordProjectTimeViewController.swift in Sources */,
				22A48E452345FD580046C3D3 /* ProfileViewController.swift in Sources */,
				22B5F0E5234779AD003733F0 /* HauntCollectionViewCell.swift in Sources */,
				2256F48123430E7300AD1F47 /* AppDelegate.swift in Sources */,
				22A48E1623457E4D0046C3D3 /* LogViewController.swift in Sources */,
				22A48E3E2345E6CF0046C3D3 /* ChatUserTableViewCell.swift in Sources */,
				22A48E362345E47B0046C3D3 /* FinishProjectRecordingViewController.swift in Sources */,
				22A48E1C2345D88E0046C3D3 /* OnlineViewController.swift in Sources */,
				22A48E422345E81A0046C3D3 /* ChatConversationTableViewCell.swift in Sources */,
				2256F48B23430E7300AD1F47 /* Haunt.xcdatamodeld in Sources */,
				22A48E1A2345D74F0046C3D3 /* ProjectEditViewController.swift in Sources */,
				22A48E0D2344AD3E0046C3D3 /* LoginViewController.swift in Sources */,
				22A48E312345E12E0046C3D3 /* OnlineUserTableViewCell.swift in Sources */,
				22A48E2C2345DE0B0046C3D3 /* ChatViewController.swift in Sources */,
				2256F48323430E7300AD1F47 /* SceneDelegate.swift in Sources */,
				22A48E1E2345DA2C0046C3D3 /* StartProjectViewController.swift in Sources */,
				22A48E0F2344F7460046C3D3 /* AccountsettingViewController.swift in Sources */,
				22A48E382345E4DA0046C3D3 /* CreateNewProjectViewController.swift in Sources */,
			);
			runOnlyForDeploymentPostprocessing = 0;
		};
		2256F49223430E7500AD1F47 /* Sources */ = {
			isa = PBXSourcesBuildPhase;
			buildActionMask = 2147483647;
			files = (
				2256F49B23430E7500AD1F47 /* HauntTests.swift in Sources */,
			);
			runOnlyForDeploymentPostprocessing = 0;
		};
		2256F49D23430E7500AD1F47 /* Sources */ = {
			isa = PBXSourcesBuildPhase;
			buildActionMask = 2147483647;
			files = (
				2256F4A623430E7500AD1F47 /* HauntUITests.swift in Sources */,
			);
			runOnlyForDeploymentPostprocessing = 0;
		};
/* End PBXSourcesBuildPhase section */

/* Begin PBXTargetDependency section */
		2256F49823430E7500AD1F47 /* PBXTargetDependency */ = {
			isa = PBXTargetDependency;
			target = 2256F47C23430E7300AD1F47 /* Haunt */;
			targetProxy = 2256F49723430E7500AD1F47 /* PBXContainerItemProxy */;
		};
		2256F4A323430E7500AD1F47 /* PBXTargetDependency */ = {
			isa = PBXTargetDependency;
			target = 2256F47C23430E7300AD1F47 /* Haunt */;
			targetProxy = 2256F4A223430E7500AD1F47 /* PBXContainerItemProxy */;
		};
/* End PBXTargetDependency section */

/* Begin PBXVariantGroup section */
		2256F48623430E7300AD1F47 /* Main.storyboard */ = {
			isa = PBXVariantGroup;
			children = (
				2256F48723430E7300AD1F47 /* Base */,
			);
			name = Main.storyboard;
			sourceTree = "<group>";
		};
		2256F48E23430E7500AD1F47 /* LaunchScreen.storyboard */ = {
			isa = PBXVariantGroup;
			children = (
				2256F48F23430E7500AD1F47 /* Base */,
			);
			name = LaunchScreen.storyboard;
			sourceTree = "<group>";
		};
/* End PBXVariantGroup section */

/* Begin XCBuildConfiguration section */
		2256F4A823430E7500AD1F47 /* Debug */ = {
			isa = XCBuildConfiguration;
			buildSettings = {
				ALWAYS_SEARCH_USER_PATHS = NO;
				CLANG_ANALYZER_NONNULL = YES;
				CLANG_ANALYZER_NUMBER_OBJECT_CONVERSION = YES_AGGRESSIVE;
				CLANG_CXX_LANGUAGE_STANDARD = "gnu++14";
				CLANG_CXX_LIBRARY = "libc++";
				CLANG_ENABLE_MODULES = YES;
				CLANG_ENABLE_OBJC_ARC = YES;
				CLANG_ENABLE_OBJC_WEAK = YES;
				CLANG_WARN_BLOCK_CAPTURE_AUTORELEASING = YES;
				CLANG_WARN_BOOL_CONVERSION = YES;
				CLANG_WARN_COMMA = YES;
				CLANG_WARN_CONSTANT_CONVERSION = YES;
				CLANG_WARN_DEPRECATED_OBJC_IMPLEMENTATIONS = YES;
				CLANG_WARN_DIRECT_OBJC_ISA_USAGE = YES_ERROR;
				CLANG_WARN_DOCUMENTATION_COMMENTS = YES;
				CLANG_WARN_EMPTY_BODY = YES;
				CLANG_WARN_ENUM_CONVERSION = YES;
				CLANG_WARN_INFINITE_RECURSION = YES;
				CLANG_WARN_INT_CONVERSION = YES;
				CLANG_WARN_NON_LITERAL_NULL_CONVERSION = YES;
				CLANG_WARN_OBJC_IMPLICIT_RETAIN_SELF = YES;
				CLANG_WARN_OBJC_LITERAL_CONVERSION = YES;
				CLANG_WARN_OBJC_ROOT_CLASS = YES_ERROR;
				CLANG_WARN_RANGE_LOOP_ANALYSIS = YES;
				CLANG_WARN_STRICT_PROTOTYPES = YES;
				CLANG_WARN_SUSPICIOUS_MOVE = YES;
				CLANG_WARN_UNGUARDED_AVAILABILITY = YES_AGGRESSIVE;
				CLANG_WARN_UNREACHABLE_CODE = YES;
				CLANG_WARN__DUPLICATE_METHOD_MATCH = YES;
				COPY_PHASE_STRIP = NO;
				DEBUG_INFORMATION_FORMAT = dwarf;
				ENABLE_STRICT_OBJC_MSGSEND = YES;
				ENABLE_TESTABILITY = YES;
				GCC_C_LANGUAGE_STANDARD = gnu11;
				GCC_DYNAMIC_NO_PIC = NO;
				GCC_NO_COMMON_BLOCKS = YES;
				GCC_OPTIMIZATION_LEVEL = 0;
				GCC_PREPROCESSOR_DEFINITIONS = (
					"DEBUG=1",
					"$(inherited)",
				);
				GCC_WARN_64_TO_32_BIT_CONVERSION = YES;
				GCC_WARN_ABOUT_RETURN_TYPE = YES_ERROR;
				GCC_WARN_UNDECLARED_SELECTOR = YES;
				GCC_WARN_UNINITIALIZED_AUTOS = YES_AGGRESSIVE;
				GCC_WARN_UNUSED_FUNCTION = YES;
				GCC_WARN_UNUSED_VARIABLE = YES;
				IPHONEOS_DEPLOYMENT_TARGET = 13.0;
				MTL_ENABLE_DEBUG_INFO = INCLUDE_SOURCE;
				MTL_FAST_MATH = YES;
				ONLY_ACTIVE_ARCH = YES;
				SDKROOT = iphoneos;
				SWIFT_ACTIVE_COMPILATION_CONDITIONS = DEBUG;
				SWIFT_OPTIMIZATION_LEVEL = "-Onone";
			};
			name = Debug;
		};
		2256F4A923430E7500AD1F47 /* Release */ = {
			isa = XCBuildConfiguration;
			buildSettings = {
				ALWAYS_SEARCH_USER_PATHS = NO;
				CLANG_ANALYZER_NONNULL = YES;
				CLANG_ANALYZER_NUMBER_OBJECT_CONVERSION = YES_AGGRESSIVE;
				CLANG_CXX_LANGUAGE_STANDARD = "gnu++14";
				CLANG_CXX_LIBRARY = "libc++";
				CLANG_ENABLE_MODULES = YES;
				CLANG_ENABLE_OBJC_ARC = YES;
				CLANG_ENABLE_OBJC_WEAK = YES;
				CLANG_WARN_BLOCK_CAPTURE_AUTORELEASING = YES;
				CLANG_WARN_BOOL_CONVERSION = YES;
				CLANG_WARN_COMMA = YES;
				CLANG_WARN_CONSTANT_CONVERSION = YES;
				CLANG_WARN_DEPRECATED_OBJC_IMPLEMENTATIONS = YES;
				CLANG_WARN_DIRECT_OBJC_ISA_USAGE = YES_ERROR;
				CLANG_WARN_DOCUMENTATION_COMMENTS = YES;
				CLANG_WARN_EMPTY_BODY = YES;
				CLANG_WARN_ENUM_CONVERSION = YES;
				CLANG_WARN_INFINITE_RECURSION = YES;
				CLANG_WARN_INT_CONVERSION = YES;
				CLANG_WARN_NON_LITERAL_NULL_CONVERSION = YES;
				CLANG_WARN_OBJC_IMPLICIT_RETAIN_SELF = YES;
				CLANG_WARN_OBJC_LITERAL_CONVERSION = YES;
				CLANG_WARN_OBJC_ROOT_CLASS = YES_ERROR;
				CLANG_WARN_RANGE_LOOP_ANALYSIS = YES;
				CLANG_WARN_STRICT_PROTOTYPES = YES;
				CLANG_WARN_SUSPICIOUS_MOVE = YES;
				CLANG_WARN_UNGUARDED_AVAILABILITY = YES_AGGRESSIVE;
				CLANG_WARN_UNREACHABLE_CODE = YES;
				CLANG_WARN__DUPLICATE_METHOD_MATCH = YES;
				COPY_PHASE_STRIP = NO;
				DEBUG_INFORMATION_FORMAT = "dwarf-with-dsym";
				ENABLE_NS_ASSERTIONS = NO;
				ENABLE_STRICT_OBJC_MSGSEND = YES;
				GCC_C_LANGUAGE_STANDARD = gnu11;
				GCC_NO_COMMON_BLOCKS = YES;
				GCC_WARN_64_TO_32_BIT_CONVERSION = YES;
				GCC_WARN_ABOUT_RETURN_TYPE = YES_ERROR;
				GCC_WARN_UNDECLARED_SELECTOR = YES;
				GCC_WARN_UNINITIALIZED_AUTOS = YES_AGGRESSIVE;
				GCC_WARN_UNUSED_FUNCTION = YES;
				GCC_WARN_UNUSED_VARIABLE = YES;
				IPHONEOS_DEPLOYMENT_TARGET = 13.0;
				MTL_ENABLE_DEBUG_INFO = NO;
				MTL_FAST_MATH = YES;
				SDKROOT = iphoneos;
				SWIFT_COMPILATION_MODE = wholemodule;
				SWIFT_OPTIMIZATION_LEVEL = "-O";
				VALIDATE_PRODUCT = YES;
			};
			name = Release;
		};
		2256F4AB23430E7500AD1F47 /* Debug */ = {
			isa = XCBuildConfiguration;
			baseConfigurationReference = FDA43D9A0D79679AACB03D4B /* Pods-Haunt.debug.xcconfig */;
			buildSettings = {
				ASSETCATALOG_COMPILER_APPICON_NAME = AppIcon;
				CODE_SIGN_STYLE = Automatic;
				DEVELOPMENT_TEAM = BGQ335TZ8H;
				INFOPLIST_FILE = Haunt/Info.plist;
				LD_RUNPATH_SEARCH_PATHS = (
					"$(inherited)",
					"@executable_path/Frameworks",
				);
				PRODUCT_BUNDLE_IDENTIFIER = asadsexyimp.Haunt;
				PRODUCT_NAME = "$(TARGET_NAME)";
				SWIFT_VERSION = 5.0;
				TARGETED_DEVICE_FAMILY = "1,2";
			};
			name = Debug;
		};
		2256F4AC23430E7500AD1F47 /* Release */ = {
			isa = XCBuildConfiguration;
			baseConfigurationReference = 571686B61EBC842F0D7F1EE1 /* Pods-Haunt.release.xcconfig */;
			buildSettings = {
				ASSETCATALOG_COMPILER_APPICON_NAME = AppIcon;
				CODE_SIGN_STYLE = Automatic;
				DEVELOPMENT_TEAM = BGQ335TZ8H;
				INFOPLIST_FILE = Haunt/Info.plist;
				LD_RUNPATH_SEARCH_PATHS = (
					"$(inherited)",
					"@executable_path/Frameworks",
				);
				PRODUCT_BUNDLE_IDENTIFIER = asadsexyimp.Haunt;
				PRODUCT_NAME = "$(TARGET_NAME)";
				SWIFT_VERSION = 5.0;
				TARGETED_DEVICE_FAMILY = "1,2";
			};
			name = Release;
		};
		2256F4AE23430E7500AD1F47 /* Debug */ = {
			isa = XCBuildConfiguration;
			baseConfigurationReference = 8113CC38E3E40B351DF34CDA /* Pods-HauntTests.debug.xcconfig */;
			buildSettings = {
				ALWAYS_EMBED_SWIFT_STANDARD_LIBRARIES = YES;
				BUNDLE_LOADER = "$(TEST_HOST)";
				CODE_SIGN_STYLE = Automatic;
				DEVELOPMENT_TEAM = BGQ335TZ8H;
				INFOPLIST_FILE = HauntTests/Info.plist;
				IPHONEOS_DEPLOYMENT_TARGET = 13.0;
				LD_RUNPATH_SEARCH_PATHS = (
					"$(inherited)",
					"@executable_path/Frameworks",
					"@loader_path/Frameworks",
				);
				PRODUCT_BUNDLE_IDENTIFIER = asadsexyimp.HauntTests;
				PRODUCT_NAME = "$(TARGET_NAME)";
				SWIFT_VERSION = 5.0;
				TARGETED_DEVICE_FAMILY = "1,2";
				TEST_HOST = "$(BUILT_PRODUCTS_DIR)/Haunt.app/Haunt";
			};
			name = Debug;
		};
		2256F4AF23430E7500AD1F47 /* Release */ = {
			isa = XCBuildConfiguration;
			baseConfigurationReference = 33D02B0A571AA4D743D05C72 /* Pods-HauntTests.release.xcconfig */;
			buildSettings = {
				ALWAYS_EMBED_SWIFT_STANDARD_LIBRARIES = YES;
				BUNDLE_LOADER = "$(TEST_HOST)";
				CODE_SIGN_STYLE = Automatic;
				DEVELOPMENT_TEAM = BGQ335TZ8H;
				INFOPLIST_FILE = HauntTests/Info.plist;
				IPHONEOS_DEPLOYMENT_TARGET = 13.0;
				LD_RUNPATH_SEARCH_PATHS = (
					"$(inherited)",
					"@executable_path/Frameworks",
					"@loader_path/Frameworks",
				);
				PRODUCT_BUNDLE_IDENTIFIER = asadsexyimp.HauntTests;
				PRODUCT_NAME = "$(TARGET_NAME)";
				SWIFT_VERSION = 5.0;
				TARGETED_DEVICE_FAMILY = "1,2";
				TEST_HOST = "$(BUILT_PRODUCTS_DIR)/Haunt.app/Haunt";
			};
			name = Release;
		};
		2256F4B123430E7500AD1F47 /* Debug */ = {
			isa = XCBuildConfiguration;
			baseConfigurationReference = 019BE82F386581F5CB2D906C /* Pods-HauntUITests.debug.xcconfig */;
			buildSettings = {
				ALWAYS_EMBED_SWIFT_STANDARD_LIBRARIES = YES;
				CODE_SIGN_STYLE = Automatic;
				DEVELOPMENT_TEAM = BGQ335TZ8H;
				INFOPLIST_FILE = HauntUITests/Info.plist;
				LD_RUNPATH_SEARCH_PATHS = (
					"$(inherited)",
					"@executable_path/Frameworks",
					"@loader_path/Frameworks",
				);
				PRODUCT_BUNDLE_IDENTIFIER = asadsexyimp.HauntUITests;
				PRODUCT_NAME = "$(TARGET_NAME)";
				SWIFT_VERSION = 5.0;
				TARGETED_DEVICE_FAMILY = "1,2";
				TEST_TARGET_NAME = Haunt;
			};
			name = Debug;
		};
		2256F4B223430E7500AD1F47 /* Release */ = {
			isa = XCBuildConfiguration;
			baseConfigurationReference = 6D96C83061F32CDAF6B1E972 /* Pods-HauntUITests.release.xcconfig */;
			buildSettings = {
				ALWAYS_EMBED_SWIFT_STANDARD_LIBRARIES = YES;
				CODE_SIGN_STYLE = Automatic;
				DEVELOPMENT_TEAM = BGQ335TZ8H;
				INFOPLIST_FILE = HauntUITests/Info.plist;
				LD_RUNPATH_SEARCH_PATHS = (
					"$(inherited)",
					"@executable_path/Frameworks",
					"@loader_path/Frameworks",
				);
				PRODUCT_BUNDLE_IDENTIFIER = asadsexyimp.HauntUITests;
				PRODUCT_NAME = "$(TARGET_NAME)";
				SWIFT_VERSION = 5.0;
				TARGETED_DEVICE_FAMILY = "1,2";
				TEST_TARGET_NAME = Haunt;
			};
			name = Release;
		};
/* End XCBuildConfiguration section */

/* Begin XCConfigurationList section */
		2256F47823430E7300AD1F47 /* Build configuration list for PBXProject "Haunt" */ = {
			isa = XCConfigurationList;
			buildConfigurations = (
				2256F4A823430E7500AD1F47 /* Debug */,
				2256F4A923430E7500AD1F47 /* Release */,
			);
			defaultConfigurationIsVisible = 0;
			defaultConfigurationName = Release;
		};
		2256F4AA23430E7500AD1F47 /* Build configuration list for PBXNativeTarget "Haunt" */ = {
			isa = XCConfigurationList;
			buildConfigurations = (
				2256F4AB23430E7500AD1F47 /* Debug */,
				2256F4AC23430E7500AD1F47 /* Release */,
			);
			defaultConfigurationIsVisible = 0;
			defaultConfigurationName = Release;
		};
		2256F4AD23430E7500AD1F47 /* Build configuration list for PBXNativeTarget "HauntTests" */ = {
			isa = XCConfigurationList;
			buildConfigurations = (
				2256F4AE23430E7500AD1F47 /* Debug */,
				2256F4AF23430E7500AD1F47 /* Release */,
			);
			defaultConfigurationIsVisible = 0;
			defaultConfigurationName = Release;
		};
		2256F4B023430E7500AD1F47 /* Build configuration list for PBXNativeTarget "HauntUITests" */ = {
			isa = XCConfigurationList;
			buildConfigurations = (
				2256F4B123430E7500AD1F47 /* Debug */,
				2256F4B223430E7500AD1F47 /* Release */,
			);
			defaultConfigurationIsVisible = 0;
			defaultConfigurationName = Release;
		};
/* End XCConfigurationList section */

/* Begin XCVersionGroup section */
		2256F48923430E7300AD1F47 /* Haunt.xcdatamodeld */ = {
			isa = XCVersionGroup;
			children = (
				2256F48A23430E7300AD1F47 /* Haunt.xcdatamodel */,
			);
			currentVersion = 2256F48A23430E7300AD1F47 /* Haunt.xcdatamodel */;
			path = Haunt.xcdatamodeld;
			sourceTree = "<group>";
			versionGroupType = wrapper.xcdatamodel;
		};
/* End XCVersionGroup section */
	};
	rootObject = 2256F47523430E7300AD1F47 /* Project object */;
}
